
Microsoft Visual Studio Solution File, Format Version 12.00
# Visual Studio Version 16
VisualStudioVersion = 25.0.1706.7
MinimumVisualStudioVersion = 10.0.40219.1
Project("{FAE04EC0-301F-11D3-BF4B-00C04F79EFBC}") = "Auth", "Auth\Auth.csproj", "{0080C0CD-A048-40A3-86A7-4FD611284C5E}"
EndProject
Project("{FAE04EC0-301F-11D3-BF4B-00C04F79EFBC}") = "BLL", "BLL\BLL.csproj", "{75391F8C-5C22-42BC-887B-B7262D315495}"
EndProject
Project("{FAE04EC0-301F-11D3-BF4B-00C04F79EFBC}") = "DAL", "DAL\DAL.csproj", "{1220587B-90D3-4462-B151-BE4E813F4BBE}"
EndProject
Global
	GlobalSection(SolutionConfigurationPlatforms) = preSolution
		Debug|Any CPU = Debug|Any CPU
		Release|Any CPU = Release|Any CPU
	EndGlobalSection
	GlobalSection(ProjectConfigurationPlatforms) = postSolution
		{0080C0CD-A048-40A3-86A7-4FD611284C5E}.Debug|Any CPU.ActiveCfg = Debug|Any CPU
		{0080C0CD-A048-40A3-86A7-4FD611284C5E}.Debug|Any CPU.Build.0 = Debug|Any CPU
		{0080C0CD-A048-40A3-86A7-4FD611284C5E}.Release|Any CPU.ActiveCfg = Release|Any CPU
		{0080C0CD-A048-40A3-86A7-4FD611284C5E}.Release|Any CPU.Build.0 = Release|Any CPU
		{75391F8C-5C22-42BC-887B-B7262D315495}.Debug|Any CPU.ActiveCfg = Debug|Any CPU
		{75391F8C-5C22-42BC-887B-B7262D315495}.Debug|Any CPU.Build.0 = Debug|Any CPU
		{75391F8C-5C22-42BC-887B-B7262D315495}.Release|Any CPU.ActiveCfg = Release|Any CPU
		{75391F8C-5C22-42BC-887B-B7262D315495}.Release|Any CPU.Build.0 = Release|Any CPU
		{1220587B-90D3-4462-B151-BE4E813F4BBE}.Debug|Any CPU.ActiveCfg = Debug|Any CPU
		{1220587B-90D3-4462-B151-BE4E813F4BBE}.Debug|Any CPU.Build.0 = Debug|Any CPU
		{1220587B-90D3-4462-B151-BE4E813F4BBE}.Release|Any CPU.ActiveCfg = Release|Any CPU
		{1220587B-90D3-4462-B151-BE4E813F4BBE}.Release|Any CPU.Build.0 = Release|Any CPU
	EndGlobalSection
	GlobalSection(SolutionProperties) = preSolution
		HideSolutionNode = FALSE
	EndGlobalSection
	GlobalSection(ExtensibilityGlobals) = postSolution
		SolutionGuid = {4D769ADC-991E-4E88-A2B1-A8F4BA005EFE}
	EndGlobalSection
EndGlobal
